// !$*UTF8*$!
{
	archiveVersion = 1;
	classes = {
	};
	objectVersion = 46;
	objects = {

/* Begin PBXBuildFile section */
		8882F6351AE3EA1C00F706F0 /* main.m in Sources */ = {isa = PBXBuildFile; fileRef = 8882F6341AE3EA1C00F706F0 /* main.m */; };
		8882F6381AE3EA1C00F706F0 /* AppDelegate.m in Sources */ = {isa = PBXBuildFile; fileRef = 8882F6371AE3EA1C00F706F0 /* AppDelegate.m */; };
		8882F63B1AE3EA1C00F706F0 /* ViewController.m in Sources */ = {isa = PBXBuildFile; fileRef = 8882F63A1AE3EA1C00F706F0 /* ViewController.m */; };
		8882F63E1AE3EA1C00F706F0 /* Main.storyboard in Resources */ = {isa = PBXBuildFile; fileRef = 8882F63C1AE3EA1C00F706F0 /* Main.storyboard */; };
		8882F6401AE3EA1C00F706F0 /* Images.xcassets in Resources */ = {isa = PBXBuildFile; fileRef = 8882F63F1AE3EA1C00F706F0 /* Images.xcassets */; };
		8882F6431AE3EA1C00F706F0 /* LaunchScreen.xib in Resources */ = {isa = PBXBuildFile; fileRef = 8882F6411AE3EA1C00F706F0 /* LaunchScreen.xib */; };
		8882F64F1AE3EA1C00F706F0 /* thedistrictTests.m in Sources */ = {isa = PBXBuildFile; fileRef = 8882F64E1AE3EA1C00F706F0 /* thedistrictTests.m */; };
		8882F75C1AE3FE0E00F706F0 /* xhMediaViewController.m in Sources */ = {isa = PBXBuildFile; fileRef = 8882F75B1AE3FE0E00F706F0 /* xhMediaViewController.m */; };
		8882F75E1AE3FF7B00F706F0 /* DISTRICT_AERIAL_for_EB_AFTER.mov in Resources */ = {isa = PBXBuildFile; fileRef = 8882F75D1AE3FF7B00F706F0 /* DISTRICT_AERIAL_for_EB_AFTER.mov */; };
		8882F7601AE40F5300F706F0 /* Trademark_VictoryPark_FinalCut_040114_for_mac_HD_HD.mov in Resources */ = {isa = PBXBuildFile; fileRef = 8882F75F1AE40F5300F706F0 /* Trademark_VictoryPark_FinalCut_040114_for_mac_HD_HD.mov */; };
		8882F7711AE4111C00F706F0 /* photo-gallery-edit-caption.png in Resources */ = {isa = PBXBuildFile; fileRef = 8882F7681AE4111C00F706F0 /* photo-gallery-edit-caption.png */; };
		8882F7721AE4111C00F706F0 /* photo-gallery-left.png in Resources */ = {isa = PBXBuildFile; fileRef = 8882F7691AE4111C00F706F0 /* photo-gallery-left.png */; };
		8882F7731AE4111C00F706F0 /* photo-gallery-left@2x.png in Resources */ = {isa = PBXBuildFile; fileRef = 8882F76A1AE4111C00F706F0 /* photo-gallery-left@2x.png */; };
		8882F7741AE4111C00F706F0 /* photo-gallery-right.png in Resources */ = {isa = PBXBuildFile; fileRef = 8882F76B1AE4111C00F706F0 /* photo-gallery-right.png */; };
		8882F7751AE4111C00F706F0 /* photo-gallery-right@2x.png in Resources */ = {isa = PBXBuildFile; fileRef = 8882F76C1AE4111C00F706F0 /* photo-gallery-right@2x.png */; };
		8882F7761AE4111C00F706F0 /* photo-gallery-trashcan.png in Resources */ = {isa = PBXBuildFile; fileRef = 8882F76D1AE4111C00F706F0 /* photo-gallery-trashcan.png */; };
		889AE2501AE4144500782F69 /* Simon_Clearfork_View_01_2015_04_10.jpg in Resources */ = {isa = PBXBuildFile; fileRef = 889AE2461AE4144500782F69 /* Simon_Clearfork_View_01_2015_04_10.jpg */; };
		889AE2511AE4144500782F69 /* Simon_Clearfork_View_02_2015_04_10.jpg in Resources */ = {isa = PBXBuildFile; fileRef = 889AE2471AE4144500782F69 /* Simon_Clearfork_View_02_2015_04_10.jpg */; };
		889AE2521AE4144500782F69 /* Simon_Clearfork_View_03_2015_04_10.jpg in Resources */ = {isa = PBXBuildFile; fileRef = 889AE2481AE4144500782F69 /* Simon_Clearfork_View_03_2015_04_10.jpg */; };
		889AE2531AE4144500782F69 /* Simon_Clearfork_View_04_2015_04_10.jpg in Resources */ = {isa = PBXBuildFile; fileRef = 889AE2491AE4144500782F69 /* Simon_Clearfork_View_04_2015_04_10.jpg */; };
		889AE2541AE4144500782F69 /* Simon_Clearfork_View_05_2015_04_10.jpg in Resources */ = {isa = PBXBuildFile; fileRef = 889AE24A1AE4144500782F69 /* Simon_Clearfork_View_05_2015_04_10.jpg */; };
		889AE2551AE4144500782F69 /* Simon_Clearfork_View_06_2015_04_10.jpg in Resources */ = {isa = PBXBuildFile; fileRef = 889AE24B1AE4144500782F69 /* Simon_Clearfork_View_06_2015_04_10.jpg */; };
		889AE2561AE4144500782F69 /* Simon_Clearfork_View_07_2015_04_10.jpg in Resources */ = {isa = PBXBuildFile; fileRef = 889AE24C1AE4144500782F69 /* Simon_Clearfork_View_07_2015_04_10.jpg */; };
		889AE2571AE4144500782F69 /* Simon_Clearfork_View_08_2015_04_10.jpg in Resources */ = {isa = PBXBuildFile; fileRef = 889AE24D1AE4144500782F69 /* Simon_Clearfork_View_08_2015_04_10.jpg */; };
		889AE2581AE4144500782F69 /* Simon_Clearfork_View_09_2015_04_10.jpg in Resources */ = {isa = PBXBuildFile; fileRef = 889AE24E1AE4144500782F69 /* Simon_Clearfork_View_09_2015_04_10.jpg */; };
		889AE2591AE4144500782F69 /* Simon_Clearfork_View_10_2015_04_10.jpg in Resources */ = {isa = PBXBuildFile; fileRef = 889AE24F1AE4144500782F69 /* Simon_Clearfork_View_10_2015_04_10.jpg */; };
		889AE25C1AE4166000782F69 /* ATExternalScreenController.m in Sources */ = {isa = PBXBuildFile; fileRef = 889AE25B1AE4166000782F69 /* ATExternalScreenController.m */; };
		889AE2631AE4613100782F69 /* FGalleryPhoto.m in Sources */ = {isa = PBXBuildFile; fileRef = 889AE25E1AE4613100782F69 /* FGalleryPhoto.m */; settings = {COMPILER_FLAGS = "-fno-objc-arc"; }; };
		889AE2641AE4613100782F69 /* FGalleryPhotoView.m in Sources */ = {isa = PBXBuildFile; fileRef = 889AE2601AE4613100782F69 /* FGalleryPhotoView.m */; settings = {COMPILER_FLAGS = "-fno-objc-arc"; }; };
		889AE2651AE4613100782F69 /* FGalleryViewController.m in Sources */ = {isa = PBXBuildFile; fileRef = 889AE2621AE4613100782F69 /* FGalleryViewController.m */; settings = {COMPILER_FLAGS = "-fno-objc-arc"; }; };
/* End PBXBuildFile section */

/* Begin PBXContainerItemProxy section */
		8882F6491AE3EA1C00F706F0 /* PBXContainerItemProxy */ = {
			isa = PBXContainerItemProxy;
			containerPortal = 8882F6271AE3EA1C00F706F0 /* Project object */;
			proxyType = 1;
			remoteGlobalIDString = 8882F62E1AE3EA1C00F706F0;
			remoteInfo = thedistrict;
		};
/* End PBXContainerItemProxy section */

/* Begin PBXFileReference section */
		8882F62F1AE3EA1C00F706F0 /* thedistrict.app */ = {isa = PBXFileReference; explicitFileType = wrapper.application; includeInIndex = 0; path = thedistrict.app; sourceTree = BUILT_PRODUCTS_DIR; };
		8882F6331AE3EA1C00F706F0 /* Info.plist */ = {isa = PBXFileReference; lastKnownFileType = text.plist.xml; path = Info.plist; sourceTree = "<group>"; };
		8882F6341AE3EA1C00F706F0 /* main.m */ = {isa = PBXFileReference; lastKnownFileType = sourcecode.c.objc; path = main.m; sourceTree = "<group>"; };
		8882F6361AE3EA1C00F706F0 /* AppDelegate.h */ = {isa = PBXFileReference; lastKnownFileType = sourcecode.c.h; path = AppDelegate.h; sourceTree = "<group>"; };
		8882F6371AE3EA1C00F706F0 /* AppDelegate.m */ = {isa = PBXFileReference; lastKnownFileType = sourcecode.c.objc; path = AppDelegate.m; sourceTree = "<group>"; };
		8882F6391AE3EA1C00F706F0 /* ViewController.h */ = {isa = PBXFileReference; lastKnownFileType = sourcecode.c.h; path = ViewController.h; sourceTree = "<group>"; };
		8882F63A1AE3EA1C00F706F0 /* ViewController.m */ = {isa = PBXFileReference; lastKnownFileType = sourcecode.c.objc; path = ViewController.m; sourceTree = "<group>"; };
		8882F63D1AE3EA1C00F706F0 /* Base */ = {isa = PBXFileReference; lastKnownFileType = file.storyboard; name = Base; path = Base.lproj/Main.storyboard; sourceTree = "<group>"; };
		8882F63F1AE3EA1C00F706F0 /* Images.xcassets */ = {isa = PBXFileReference; lastKnownFileType = folder.assetcatalog; path = Images.xcassets; sourceTree = "<group>"; };
		8882F6421AE3EA1C00F706F0 /* Base */ = {isa = PBXFileReference; lastKnownFileType = file.xib; name = Base; path = Base.lproj/LaunchScreen.xib; sourceTree = "<group>"; };
		8882F6481AE3EA1C00F706F0 /* thedistrictTests.xctest */ = {isa = PBXFileReference; explicitFileType = wrapper.cfbundle; includeInIndex = 0; path = thedistrictTests.xctest; sourceTree = BUILT_PRODUCTS_DIR; };
		8882F64D1AE3EA1C00F706F0 /* Info.plist */ = {isa = PBXFileReference; lastKnownFileType = text.plist.xml; path = Info.plist; sourceTree = "<group>"; };
		8882F64E1AE3EA1C00F706F0 /* thedistrictTests.m */ = {isa = PBXFileReference; lastKnownFileType = sourcecode.c.objc; path = thedistrictTests.m; sourceTree = "<group>"; };
		8882F75A1AE3FE0E00F706F0 /* xhMediaViewController.h */ = {isa = PBXFileReference; fileEncoding = 4; lastKnownFileType = sourcecode.c.h; path = xhMediaViewController.h; sourceTree = "<group>"; };
		8882F75B1AE3FE0E00F706F0 /* xhMediaViewController.m */ = {isa = PBXFileReference; fileEncoding = 4; lastKnownFileType = sourcecode.c.objc; path = xhMediaViewController.m; sourceTree = "<group>"; };
		8882F75D1AE3FF7B00F706F0 /* DISTRICT_AERIAL_for_EB_AFTER.mov */ = {isa = PBXFileReference; lastKnownFileType = video.quicktime; path = DISTRICT_AERIAL_for_EB_AFTER.mov; sourceTree = "<group>"; };
		8882F75F1AE40F5300F706F0 /* Trademark_VictoryPark_FinalCut_040114_for_mac_HD_HD.mov */ = {isa = PBXFileReference; lastKnownFileType = video.quicktime; path = Trademark_VictoryPark_FinalCut_040114_for_mac_HD_HD.mov; sourceTree = "<group>"; };
		8882F7681AE4111C00F706F0 /* photo-gallery-edit-caption.png */ = {isa = PBXFileReference; lastKnownFileType = image.png; name = "photo-gallery-edit-caption.png"; path = "FGallery/photo-gallery-edit-caption.png"; sourceTree = "<group>"; };
		8882F7691AE4111C00F706F0 /* photo-gallery-left.png */ = {isa = PBXFileReference; lastKnownFileType = image.png; name = "photo-gallery-left.png"; path = "FGallery/photo-gallery-left.png"; sourceTree = "<group>"; };
		8882F76A1AE4111C00F706F0 /* photo-gallery-left@2x.png */ = {isa = PBXFileReference; lastKnownFileType = image.png; name = "photo-gallery-left@2x.png"; path = "FGallery/photo-gallery-left@2x.png"; sourceTree = "<group>"; };
		8882F76B1AE4111C00F706F0 /* photo-gallery-right.png */ = {isa = PBXFileReference; lastKnownFileType = image.png; name = "photo-gallery-right.png"; path = "FGallery/photo-gallery-right.png"; sourceTree = "<group>"; };
		8882F76C1AE4111C00F706F0 /* photo-gallery-right@2x.png */ = {isa = PBXFileReference; lastKnownFileType = image.png; name = "photo-gallery-right@2x.png"; path = "FGallery/photo-gallery-right@2x.png"; sourceTree = "<group>"; };
		8882F76D1AE4111C00F706F0 /* photo-gallery-trashcan.png */ = {isa = PBXFileReference; lastKnownFileType = image.png; name = "photo-gallery-trashcan.png"; path = "FGallery/photo-gallery-trashcan.png"; sourceTree = "<group>"; };
		889AE2461AE4144500782F69 /* Simon_Clearfork_View_01_2015_04_10.jpg */ = {isa = PBXFileReference; lastKnownFileType = image.jpeg; path = Simon_Clearfork_View_01_2015_04_10.jpg; sourceTree = "<group>"; };
		889AE2471AE4144500782F69 /* Simon_Clearfork_View_02_2015_04_10.jpg */ = {isa = PBXFileReference; lastKnownFileType = image.jpeg; path = Simon_Clearfork_View_02_2015_04_10.jpg; sourceTree = "<group>"; };
		889AE2481AE4144500782F69 /* Simon_Clearfork_View_03_2015_04_10.jpg */ = {isa = PBXFileReference; lastKnownFileType = image.jpeg; path = Simon_Clearfork_View_03_2015_04_10.jpg; sourceTree = "<group>"; };
		889AE2491AE4144500782F69 /* Simon_Clearfork_View_04_2015_04_10.jpg */ = {isa = PBXFileReference; lastKnownFileType = image.jpeg; path = Simon_Clearfork_View_04_2015_04_10.jpg; sourceTree = "<group>"; };
		889AE24A1AE4144500782F69 /* Simon_Clearfork_View_05_2015_04_10.jpg */ = {isa = PBXFileReference; lastKnownFileType = image.jpeg; path = Simon_Clearfork_View_05_2015_04_10.jpg; sourceTree = "<group>"; };
		889AE24B1AE4144500782F69 /* Simon_Clearfork_View_06_2015_04_10.jpg */ = {isa = PBXFileReference; lastKnownFileType = image.jpeg; path = Simon_Clearfork_View_06_2015_04_10.jpg; sourceTree = "<group>"; };
		889AE24C1AE4144500782F69 /* Simon_Clearfork_View_07_2015_04_10.jpg */ = {isa = PBXFileReference; lastKnownFileType = image.jpeg; path = Simon_Clearfork_View_07_2015_04_10.jpg; sourceTree = "<group>"; };
		889AE24D1AE4144500782F69 /* Simon_Clearfork_View_08_2015_04_10.jpg */ = {isa = PBXFileReference; lastKnownFileType = image.jpeg; path = Simon_Clearfork_View_08_2015_04_10.jpg; sourceTree = "<group>"; };
		889AE24E1AE4144500782F69 /* Simon_Clearfork_View_09_2015_04_10.jpg */ = {isa = PBXFileReference; lastKnownFileType = image.jpeg; path = Simon_Clearfork_View_09_2015_04_10.jpg; sourceTree = "<group>"; };
		889AE24F1AE4144500782F69 /* Simon_Clearfork_View_10_2015_04_10.jpg */ = {isa = PBXFileReference; lastKnownFileType = image.jpeg; path = Simon_Clearfork_View_10_2015_04_10.jpg; sourceTree = "<group>"; };
		889AE25A1AE4166000782F69 /* ATExternalScreenController.h */ = {isa = PBXFileReference; fileEncoding = 4; lastKnownFileType = sourcecode.c.h; path = ATExternalScreenController.h; sourceTree = "<group>"; };
		889AE25B1AE4166000782F69 /* ATExternalScreenController.m */ = {isa = PBXFileReference; fileEncoding = 4; lastKnownFileType = sourcecode.c.objc; path = ATExternalScreenController.m; sourceTree = "<group>"; };
		889AE25D1AE4613100782F69 /* FGalleryPhoto.h */ = {isa = PBXFileReference; fileEncoding = 4; lastKnownFileType = sourcecode.c.h; name = FGalleryPhoto.h; path = FGallery/FGalleryPhoto.h; sourceTree = "<group>"; };
		889AE25E1AE4613100782F69 /* FGalleryPhoto.m */ = {isa = PBXFileReference; fileEncoding = 4; lastKnownFileType = sourcecode.c.objc; name = FGalleryPhoto.m; path = FGallery/FGalleryPhoto.m; sourceTree = "<group>"; };
		889AE25F1AE4613100782F69 /* FGalleryPhotoView.h */ = {isa = PBXFileReference; fileEncoding = 4; lastKnownFileType = sourcecode.c.h; name = FGalleryPhotoView.h; path = FGallery/FGalleryPhotoView.h; sourceTree = "<group>"; };
		889AE2601AE4613100782F69 /* FGalleryPhotoView.m */ = {isa = PBXFileReference; fileEncoding = 4; lastKnownFileType = sourcecode.c.objc; name = FGalleryPhotoView.m; path = FGallery/FGalleryPhotoView.m; sourceTree = "<group>"; };
		889AE2611AE4613100782F69 /* FGalleryViewController.h */ = {isa = PBXFileReference; fileEncoding = 4; lastKnownFileType = sourcecode.c.h; name = FGalleryViewController.h; path = FGallery/FGalleryViewController.h; sourceTree = "<group>"; };
		889AE2621AE4613100782F69 /* FGalleryViewController.m */ = {isa = PBXFileReference; fileEncoding = 4; lastKnownFileType = sourcecode.c.objc; name = FGalleryViewController.m; path = FGallery/FGalleryViewController.m; sourceTree = "<group>"; };
/* End PBXFileReference section */

/* Begin PBXFrameworksBuildPhase section */
		8882F62C1AE3EA1C00F706F0 /* Frameworks */ = {
			isa = PBXFrameworksBuildPhase;
			buildActionMask = 2147483647;
			files = (
			);
			runOnlyForDeploymentPostprocessing = 0;
		};
		8882F6451AE3EA1C00F706F0 /* Frameworks */ = {
			isa = PBXFrameworksBuildPhase;
			buildActionMask = 2147483647;
			files = (
			);
			runOnlyForDeploymentPostprocessing = 0;
		};
/* End PBXFrameworksBuildPhase section */

/* Begin PBXGroup section */
		8882F6261AE3EA1C00F706F0 = {
			isa = PBXGroup;
			children = (
				8882F6311AE3EA1C00F706F0 /* thedistrict */,
				8882F64B1AE3EA1C00F706F0 /* thedistrictTests */,
				8882F6301AE3EA1C00F706F0 /* Products */,
			);
			sourceTree = "<group>";
		};
		8882F6301AE3EA1C00F706F0 /* Products */ = {
			isa = PBXGroup;
			children = (
				8882F62F1AE3EA1C00F706F0 /* thedistrict.app */,
				8882F6481AE3EA1C00F706F0 /* thedistrictTests.xctest */,
			);
			name = Products;
			sourceTree = "<group>";
		};
		8882F6311AE3EA1C00F706F0 /* thedistrict */ = {
			isa = PBXGroup;
			children = (
				8882F6361AE3EA1C00F706F0 /* AppDelegate.h */,
				8882F6371AE3EA1C00F706F0 /* AppDelegate.m */,
				8882F6391AE3EA1C00F706F0 /* ViewController.h */,
				8882F63A1AE3EA1C00F706F0 /* ViewController.m */,
				8882F7611AE4110C00F706F0 /* FGallery */,
				8882F63C1AE3EA1C00F706F0 /* Main.storyboard */,
				8882F75A1AE3FE0E00F706F0 /* xhMediaViewController.h */,
				8882F75B1AE3FE0E00F706F0 /* xhMediaViewController.m */,
				889AE25A1AE4166000782F69 /* ATExternalScreenController.h */,
				889AE25B1AE4166000782F69 /* ATExternalScreenController.m */,
				8882F75D1AE3FF7B00F706F0 /* DISTRICT_AERIAL_for_EB_AFTER.mov */,
				8882F75F1AE40F5300F706F0 /* Trademark_VictoryPark_FinalCut_040114_for_mac_HD_HD.mov */,
				889AE2461AE4144500782F69 /* Simon_Clearfork_View_01_2015_04_10.jpg */,
				889AE2471AE4144500782F69 /* Simon_Clearfork_View_02_2015_04_10.jpg */,
				889AE2481AE4144500782F69 /* Simon_Clearfork_View_03_2015_04_10.jpg */,
				889AE2491AE4144500782F69 /* Simon_Clearfork_View_04_2015_04_10.jpg */,
				889AE24A1AE4144500782F69 /* Simon_Clearfork_View_05_2015_04_10.jpg */,
				889AE24B1AE4144500782F69 /* Simon_Clearfork_View_06_2015_04_10.jpg */,
				889AE24C1AE4144500782F69 /* Simon_Clearfork_View_07_2015_04_10.jpg */,
				889AE24D1AE4144500782F69 /* Simon_Clearfork_View_08_2015_04_10.jpg */,
				889AE24E1AE4144500782F69 /* Simon_Clearfork_View_09_2015_04_10.jpg */,
				889AE24F1AE4144500782F69 /* Simon_Clearfork_View_10_2015_04_10.jpg */,
				8882F63F1AE3EA1C00F706F0 /* Images.xcassets */,
				8882F6411AE3EA1C00F706F0 /* LaunchScreen.xib */,
				8882F6321AE3EA1C00F706F0 /* Supporting Files */,
			);
			path = thedistrict;
			sourceTree = "<group>";
		};
		8882F6321AE3EA1C00F706F0 /* Supporting Files */ = {
			isa = PBXGroup;
			children = (
				8882F6331AE3EA1C00F706F0 /* Info.plist */,
				8882F6341AE3EA1C00F706F0 /* main.m */,
			);
			name = "Supporting Files";
			sourceTree = "<group>";
		};
		8882F64B1AE3EA1C00F706F0 /* thedistrictTests */ = {
			isa = PBXGroup;
			children = (
				8882F64E1AE3EA1C00F706F0 /* thedistrictTests.m */,
				8882F64C1AE3EA1C00F706F0 /* Supporting Files */,
			);
			path = thedistrictTests;
			sourceTree = "<group>";
		};
		8882F64C1AE3EA1C00F706F0 /* Supporting Files */ = {
			isa = PBXGroup;
			children = (
				8882F64D1AE3EA1C00F706F0 /* Info.plist */,
			);
			name = "Supporting Files";
			sourceTree = "<group>";
		};
		8882F7611AE4110C00F706F0 /* FGallery */ = {
			isa = PBXGroup;
			children = (
				889AE25D1AE4613100782F69 /* FGalleryPhoto.h */,
				889AE25E1AE4613100782F69 /* FGalleryPhoto.m */,
				889AE25F1AE4613100782F69 /* FGalleryPhotoView.h */,
				889AE2601AE4613100782F69 /* FGalleryPhotoView.m */,
				889AE2611AE4613100782F69 /* FGalleryViewController.h */,
				889AE2621AE4613100782F69 /* FGalleryViewController.m */,
				8882F7681AE4111C00F706F0 /* photo-gallery-edit-caption.png */,
				8882F7691AE4111C00F706F0 /* photo-gallery-left.png */,
				8882F76A1AE4111C00F706F0 /* photo-gallery-left@2x.png */,
				8882F76B1AE4111C00F706F0 /* photo-gallery-right.png */,
				8882F76C1AE4111C00F706F0 /* photo-gallery-right@2x.png */,
				8882F76D1AE4111C00F706F0 /* photo-gallery-trashcan.png */,
			);
			name = FGallery;
			sourceTree = "<group>";
		};
/* End PBXGroup section */

/* Begin PBXNativeTarget section */
		8882F62E1AE3EA1C00F706F0 /* thedistrict */ = {
			isa = PBXNativeTarget;
			buildConfigurationList = 8882F6521AE3EA1C00F706F0 /* Build configuration list for PBXNativeTarget "thedistrict" */;
			buildPhases = (
				8882F62B1AE3EA1C00F706F0 /* Sources */,
				8882F62C1AE3EA1C00F706F0 /* Frameworks */,
				8882F62D1AE3EA1C00F706F0 /* Resources */,
			);
			buildRules = (
			);
			dependencies = (
			);
			name = thedistrict;
			productName = thedistrict;
			productReference = 8882F62F1AE3EA1C00F706F0 /* thedistrict.app */;
			productType = "com.apple.product-type.application";
		};
		8882F6471AE3EA1C00F706F0 /* thedistrictTests */ = {
			isa = PBXNativeTarget;
			buildConfigurationList = 8882F6551AE3EA1C00F706F0 /* Build configuration list for PBXNativeTarget "thedistrictTests" */;
			buildPhases = (
				8882F6441AE3EA1C00F706F0 /* Sources */,
				8882F6451AE3EA1C00F706F0 /* Frameworks */,
				8882F6461AE3EA1C00F706F0 /* Resources */,
			);
			buildRules = (
			);
			dependencies = (
				8882F64A1AE3EA1C00F706F0 /* PBXTargetDependency */,
			);
			name = thedistrictTests;
			productName = thedistrictTests;
			productReference = 8882F6481AE3EA1C00F706F0 /* thedistrictTests.xctest */;
			productType = "com.apple.product-type.bundle.unit-test";
		};
/* End PBXNativeTarget section */

/* Begin PBXProject section */
		8882F6271AE3EA1C00F706F0 /* Project object */ = {
			isa = PBXProject;
			attributes = {
				LastUpgradeCheck = 0630;
				ORGANIZATIONNAME = "Evan Buxton";
				TargetAttributes = {
					8882F62E1AE3EA1C00F706F0 = {
						CreatedOnToolsVersion = 6.3;
					};
					8882F6471AE3EA1C00F706F0 = {
						CreatedOnToolsVersion = 6.3;
						TestTargetID = 8882F62E1AE3EA1C00F706F0;
					};
				};
			};
			buildConfigurationList = 8882F62A1AE3EA1C00F706F0 /* Build configuration list for PBXProject "thedistrict" */;
			compatibilityVersion = "Xcode 3.2";
			developmentRegion = English;
			hasScannedForEncodings = 0;
			knownRegions = (
				en,
				Base,
			);
			mainGroup = 8882F6261AE3EA1C00F706F0;
			productRefGroup = 8882F6301AE3EA1C00F706F0 /* Products */;
			projectDirPath = "";
			projectRoot = "";
			targets = (
				8882F62E1AE3EA1C00F706F0 /* thedistrict */,
				8882F6471AE3EA1C00F706F0 /* thedistrictTests */,
			);
		};
/* End PBXProject section */

/* Begin PBXResourcesBuildPhase section */
		8882F62D1AE3EA1C00F706F0 /* Resources */ = {
			isa = PBXResourcesBuildPhase;
			buildActionMask = 2147483647;
			files = (
				8882F7601AE40F5300F706F0 /* Trademark_VictoryPark_FinalCut_040114_for_mac_HD_HD.mov in Resources */,
				889AE2551AE4144500782F69 /* Simon_Clearfork_View_06_2015_04_10.jpg in Resources */,
				8882F75E1AE3FF7B00F706F0 /* DISTRICT_AERIAL_for_EB_AFTER.mov in Resources */,
				8882F7741AE4111C00F706F0 /* photo-gallery-right.png in Resources */,
				8882F7751AE4111C00F706F0 /* photo-gallery-right@2x.png in Resources */,
				8882F63E1AE3EA1C00F706F0 /* Main.storyboard in Resources */,
				889AE2521AE4144500782F69 /* Simon_Clearfork_View_03_2015_04_10.jpg in Resources */,
				8882F7761AE4111C00F706F0 /* photo-gallery-trashcan.png in Resources */,
				889AE2591AE4144500782F69 /* Simon_Clearfork_View_10_2015_04_10.jpg in Resources */,
				889AE2571AE4144500782F69 /* Simon_Clearfork_View_08_2015_04_10.jpg in Resources */,
				8882F6431AE3EA1C00F706F0 /* LaunchScreen.xib in Resources */,
				8882F7711AE4111C00F706F0 /* photo-gallery-edit-caption.png in Resources */,
				889AE2581AE4144500782F69 /* Simon_Clearfork_View_09_2015_04_10.jpg in Resources */,
				8882F7731AE4111C00F706F0 /* photo-gallery-left@2x.png in Resources */,
				8882F6401AE3EA1C00F706F0 /* Images.xcassets in Resources */,
				889AE2541AE4144500782F69 /* Simon_Clearfork_View_05_2015_04_10.jpg in Resources */,
				889AE2531AE4144500782F69 /* Simon_Clearfork_View_04_2015_04_10.jpg in Resources */,
				8882F7721AE4111C00F706F0 /* photo-gallery-left.png in Resources */,
				889AE2501AE4144500782F69 /* Simon_Clearfork_View_01_2015_04_10.jpg in Resources */,
				889AE2511AE4144500782F69 /* Simon_Clearfork_View_02_2015_04_10.jpg in Resources */,
				889AE2561AE4144500782F69 /* Simon_Clearfork_View_07_2015_04_10.jpg in Resources */,
			);
			runOnlyForDeploymentPostprocessing = 0;
		};
		8882F6461AE3EA1C00F706F0 /* Resources */ = {
			isa = PBXResourcesBuildPhase;
			buildActionMask = 2147483647;
			files = (
			);
			runOnlyForDeploymentPostprocessing = 0;
		};
/* End PBXResourcesBuildPhase section */

/* Begin PBXSourcesBuildPhase section */
		8882F62B1AE3EA1C00F706F0 /* Sources */ = {
			isa = PBXSourcesBuildPhase;
			buildActionMask = 2147483647;
			files = (
				889AE2651AE4613100782F69 /* FGalleryViewController.m in Sources */,
				889AE2641AE4613100782F69 /* FGalleryPhotoView.m in Sources */,
				8882F63B1AE3EA1C00F706F0 /* ViewController.m in Sources */,
				8882F75C1AE3FE0E00F706F0 /* xhMediaViewController.m in Sources */,
				889AE25C1AE4166000782F69 /* ATExternalScreenController.m in Sources */,
				8882F6381AE3EA1C00F706F0 /* AppDelegate.m in Sources */,
				889AE2631AE4613100782F69 /* FGalleryPhoto.m in Sources */,
				8882F6351AE3EA1C00F706F0 /* main.m in Sources */,
			);
			runOnlyForDeploymentPostprocessing = 0;
		};
		8882F6441AE3EA1C00F706F0 /* Sources */ = {
			isa = PBXSourcesBuildPhase;
			buildActionMask = 2147483647;
			files = (
				8882F64F1AE3EA1C00F706F0 /* thedistrictTests.m in Sources */,
			);
			runOnlyForDeploymentPostprocessing = 0;
		};
/* End PBXSourcesBuildPhase section */

/* Begin PBXTargetDependency section */
		8882F64A1AE3EA1C00F706F0 /* PBXTargetDependency */ = {
			isa = PBXTargetDependency;
			target = 8882F62E1AE3EA1C00F706F0 /* thedistrict */;
			targetProxy = 8882F6491AE3EA1C00F706F0 /* PBXContainerItemProxy */;
		};
/* End PBXTargetDependency section */

/* Begin PBXVariantGroup section */
		8882F63C1AE3EA1C00F706F0 /* Main.storyboard */ = {
			isa = PBXVariantGroup;
			children = (
				8882F63D1AE3EA1C00F706F0 /* Base */,
			);
			name = Main.storyboard;
			sourceTree = "<group>";
		};
		8882F6411AE3EA1C00F706F0 /* LaunchScreen.xib */ = {
			isa = PBXVariantGroup;
			children = (
				8882F6421AE3EA1C00F706F0 /* Base */,
			);
			name = LaunchScreen.xib;
			sourceTree = "<group>";
		};
/* End PBXVariantGroup section */

/* Begin XCBuildConfiguration section */
		8882F6501AE3EA1C00F706F0 /* Debug */ = {
			isa = XCBuildConfiguration;
			buildSettings = {
				ALWAYS_SEARCH_USER_PATHS = NO;
				CLANG_CXX_LANGUAGE_STANDARD = "gnu++0x";
				CLANG_CXX_LIBRARY = "libc++";
				CLANG_ENABLE_MODULES = YES;
				CLANG_ENABLE_OBJC_ARC = YES;
				CLANG_WARN_BOOL_CONVERSION = YES;
				CLANG_WARN_CONSTANT_CONVERSION = YES;
				CLANG_WARN_DIRECT_OBJC_ISA_USAGE = YES_ERROR;
				CLANG_WARN_EMPTY_BODY = YES;
				CLANG_WARN_ENUM_CONVERSION = YES;
				CLANG_WARN_INT_CONVERSION = YES;
				CLANG_WARN_OBJC_ROOT_CLASS = YES_ERROR;
				CLANG_WARN_UNREACHABLE_CODE = YES;
				CLANG_WARN__DUPLICATE_METHOD_MATCH = YES;
				"CODE_SIGN_IDENTITY[sdk=iphoneos*]" = "iPhone Developer";
				COPY_PHASE_STRIP = NO;
				DEBUG_INFORMATION_FORMAT = "dwarf-with-dsym";
				ENABLE_STRICT_OBJC_MSGSEND = YES;
				GCC_C_LANGUAGE_STANDARD = gnu99;
				GCC_DYNAMIC_NO_PIC = NO;
				GCC_NO_COMMON_BLOCKS = YES;
				GCC_OPTIMIZATION_LEVEL = 0;
				GCC_PREPROCESSOR_DEFINITIONS = (
					"DEBUG=1",
					"$(inherited)",
				);
				GCC_SYMBOLS_PRIVATE_EXTERN = NO;
				GCC_WARN_64_TO_32_BIT_CONVERSION = YES;
				GCC_WARN_ABOUT_RETURN_TYPE = YES_ERROR;
				GCC_WARN_UNDECLARED_SELECTOR = YES;
				GCC_WARN_UNINITIALIZED_AUTOS = YES_AGGRESSIVE;
				GCC_WARN_UNUSED_FUNCTION = YES;
				GCC_WARN_UNUSED_VARIABLE = YES;
				IPHONEOS_DEPLOYMENT_TARGET = 8.1;
				MTL_ENABLE_DEBUG_INFO = YES;
				ONLY_ACTIVE_ARCH = YES;
				SDKROOT = iphoneos;
				TARGETED_DEVICE_FAMILY = "1,2";
			};
			name = Debug;
		};
		8882F6511AE3EA1C00F706F0 /* Release */ = {
			isa = XCBuildConfiguration;
			buildSettings = {
				ALWAYS_SEARCH_USER_PATHS = NO;
				CLANG_CXX_LANGUAGE_STANDARD = "gnu++0x";
				CLANG_CXX_LIBRARY = "libc++";
				CLANG_ENABLE_MODULES = YES;
				CLANG_ENABLE_OBJC_ARC = YES;
				CLANG_WARN_BOOL_CONVERSION = YES;
				CLANG_WARN_CONSTANT_CONVERSION = YES;
				CLANG_WARN_DIRECT_OBJC_ISA_USAGE = YES_ERROR;
				CLANG_WARN_EMPTY_BODY = YES;
				CLANG_WARN_ENUM_CONVERSION = YES;
				CLANG_WARN_INT_CONVERSION = YES;
				CLANG_WARN_OBJC_ROOT_CLASS = YES_ERROR;
				CLANG_WARN_UNREACHABLE_CODE = YES;
				CLANG_WARN__DUPLICATE_METHOD_MATCH = YES;
				"CODE_SIGN_IDENTITY[sdk=iphoneos*]" = "iPhone Developer";
				COPY_PHASE_STRIP = NO;
				DEBUG_INFORMATION_FORMAT = "dwarf-with-dsym";
				ENABLE_NS_ASSERTIONS = NO;
				ENABLE_STRICT_OBJC_MSGSEND = YES;
				GCC_C_LANGUAGE_STANDARD = gnu99;
				GCC_NO_COMMON_BLOCKS = YES;
				GCC_WARN_64_TO_32_BIT_CONVERSION = YES;
				GCC_WARN_ABOUT_RETURN_TYPE = YES_ERROR;
				GCC_WARN_UNDECLARED_SELECTOR = YES;
				GCC_WARN_UNINITIALIZED_AUTOS = YES_AGGRESSIVE;
				GCC_WARN_UNUSED_FUNCTION = YES;
				GCC_WARN_UNUSED_VARIABLE = YES;
				IPHONEOS_DEPLOYMENT_TARGET = 8.1;
				MTL_ENABLE_DEBUG_INFO = NO;
				SDKROOT = iphoneos;
				TARGETED_DEVICE_FAMILY = "1,2";
				VALIDATE_PRODUCT = YES;
			};
			name = Release;
		};
		8882F6531AE3EA1C00F706F0 /* Debug */ = {
			isa = XCBuildConfiguration;
			buildSettings = {
				ASSETCATALOG_COMPILER_APPICON_NAME = AppIcon;
				INFOPLIST_FILE = thedistrict/Info.plist;
				LD_RUNPATH_SEARCH_PATHS = "$(inherited) @executable_path/Frameworks";
				PRODUCT_NAME = "$(TARGET_NAME)";
			};
			name = Debug;
		};
		8882F6541AE3EA1C00F706F0 /* Release */ = {
			isa = XCBuildConfiguration;
			buildSettings = {
				ASSETCATALOG_COMPILER_APPICON_NAME = AppIcon;
				INFOPLIST_FILE = thedistrict/Info.plist;
				LD_RUNPATH_SEARCH_PATHS = "$(inherited) @executable_path/Frameworks";
				PRODUCT_NAME = "$(TARGET_NAME)";
			};
			name = Release;
		};
		8882F6561AE3EA1C00F706F0 /* Debug */ = {
			isa = XCBuildConfiguration;
			buildSettings = {
				BUNDLE_LOADER = "$(TEST_HOST)";
				FRAMEWORK_SEARCH_PATHS = (
					"$(SDKROOT)/Developer/Library/Frameworks",
					"$(inherited)",
				);
				GCC_PREPROCESSOR_DEFINITIONS = (
					"DEBUG=1",
					"$(inherited)",
				);
				INFOPLIST_FILE = thedistrictTests/Info.plist;
				LD_RUNPATH_SEARCH_PATHS = "$(inherited) @executable_path/Frameworks @loader_path/Frameworks";
				PRODUCT_NAME = "$(TARGET_NAME)";
				TEST_HOST = "$(BUILT_PRODUCTS_DIR)/thedistrict.app/thedistrict";
			};
			name = Debug;
		};
		8882F6571AE3EA1C00F706F0 /* Release */ = {
			isa = XCBuildConfiguration;
			buildSettings = {
				BUNDLE_LOADER = "$(TEST_HOST)";
				FRAMEWORK_SEARCH_PATHS = (
					"$(SDKROOT)/Developer/Library/Frameworks",
					"$(inherited)",
				);
				INFOPLIST_FILE = thedistrictTests/Info.plist;
				LD_RUNPATH_SEARCH_PATHS = "$(inherited) @executable_path/Frameworks @loader_path/Frameworks";
				PRODUCT_NAME = "$(TARGET_NAME)";
				TEST_HOST = "$(BUILT_PRODUCTS_DIR)/thedistrict.app/thedistrict";
			};
			name = Release;
		};
/* End XCBuildConfiguration section */

/* Begin XCConfigurationList section */
		8882F62A1AE3EA1C00F706F0 /* Build configuration list for PBXProject "thedistrict" */ = {
			isa = XCConfigurationList;
			buildConfigurations = (
				8882F6501AE3EA1C00F706F0 /* Debug */,
				8882F6511AE3EA1C00F706F0 /* Release */,
			);
			defaultConfigurationIsVisible = 0;
			defaultConfigurationName = Release;
		};
		8882F6521AE3EA1C00F706F0 /* Build configuration list for PBXNativeTarget "thedistrict" */ = {
			isa = XCConfigurationList;
			buildConfigurations = (
				8882F6531AE3EA1C00F706F0 /* Debug */,
				8882F6541AE3EA1C00F706F0 /* Release */,
			);
			defaultConfigurationIsVisible = 0;
			defaultConfigurationName = Release;
		};
		8882F6551AE3EA1C00F706F0 /* Build configuration list for PBXNativeTarget "thedistrictTests" */ = {
			isa = XCConfigurationList;
			buildConfigurations = (
				8882F6561AE3EA1C00F706F0 /* Debug */,
				8882F6571AE3EA1C00F706F0 /* Release */,
			);
			defaultConfigurationIsVisible = 0;
			defaultConfigurationName = Release;
		};
/* End XCConfigurationList section */
	};
	rootObject = 8882F6271AE3EA1C00F706F0 /* Project object */;
}
